
Microsoft Visual Studio Solution File, Format Version 12.00
# Visual Studio Version 16
VisualStudioVersion = 16.0.31410.357
MinimumVisualStudioVersion = 10.0.40219.1
Project("{FAE04EC0-301F-11D3-BF4B-00C04F79EFBC}") = "ConfiguringApps", "ConfiguringApps\ConfiguringApps.csproj", "{1E4A9270-C6D3-4634-AD53-BA87F5738929}"
EndProject
Global
	GlobalSection(SolutionConfigurationPlatforms) = preSolution
		Debug|Any CPU = Debug|Any CPU
		Release|Any CPU = Release|Any CPU
	EndGlobalSection
	GlobalSection(ProjectConfigurationPlatforms) = postSolution
		{1E4A9270-C6D3-4634-AD53-BA87F5738929}.Debug|Any CPU.ActiveCfg = Debug|Any CPU
		{1E4A9270-C6D3-4634-AD53-BA87F5738929}.Debug|Any CPU.Build.0 = Debug|Any CPU
		{1E4A9270-C6D3-4634-AD53-BA87F5738929}.Release|Any CPU.ActiveCfg = Release|Any CPU
		{1E4A9270-C6D3-4634-AD53-BA87F5738929}.Release|Any CPU.Build.0 = Release|Any CPU
	EndGlobalSection
	GlobalSection(SolutionProperties) = preSolution
		HideSolutionNode = FALSE
	EndGlobalSection
	GlobalSection(ExtensibilityGlobals) = postSolution
		SolutionGuid = {8D5F56B7-7667-4811-84ED-778506022912}
	EndGlobalSection
EndGlobal
